
Microsoft Visual Studio Solution File, Format Version 12.00
# Visual Studio Version 17
VisualStudioVersion = 17.5.002.0
MinimumVisualStudioVersion = 10.0.40219.1
Project("{9A19103F-16F7-4668-BE54-9A1E7A4F7556}") = "Notifications.Api", "Notifications.Api.csproj", "{A2E3BBA4-9B1B-4921-90CB-5AFF8485993A}"
EndProject
Global
	GlobalSection(SolutionConfigurationPlatforms) = preSolution
		Debug|Any CPU = Debug|Any CPU
		Release|Any CPU = Release|Any CPU
	EndGlobalSection
	GlobalSection(ProjectConfigurationPlatforms) = postSolution
		{A2E3BBA4-9B1B-4921-90CB-5AFF8485993A}.Debug|Any CPU.ActiveCfg = Debug|Any CPU
		{A2E3BBA4-9B1B-4921-90CB-5AFF8485993A}.Debug|Any CPU.Build.0 = Debug|Any CPU
		{A2E3BBA4-9B1B-4921-90CB-5AFF8485993A}.Release|Any CPU.ActiveCfg = Release|Any CPU
		{A2E3BBA4-9B1B-4921-90CB-5AFF8485993A}.Release|Any CPU.Build.0 = Release|Any CPU
	EndGlobalSection
	GlobalSection(SolutionProperties) = preSolution
		HideSolutionNode = FALSE
	EndGlobalSection
	GlobalSection(ExtensibilityGlobals) = postSolution
		SolutionGuid = {8DC8DC55-0DA4-4715-B7A5-887493541354}
	EndGlobalSection
EndGlobal
